
Microsoft Visual Studio Solution File, Format Version 12.00
# Visual Studio 2012
Project("{FAE04EC0-301F-11D3-BF4B-00C04F79EFBC}") = "Runtime", "Runtime\Runtime.csproj", "{7FB8A4C3-3B73-45B9-B97E-B86A769C7D40}"
EndProject
Project("{FAE04EC0-301F-11D3-BF4B-00C04F79EFBC}") = "Compiler", "Compiler\Compiler.csproj", "{58C2C84D-4DF3-4F46-8FCA-186EAFA14E16}"
EndProject
Project("{FAE04EC0-301F-11D3-BF4B-00C04F79EFBC}") = "Compiler.Tests", "Compiler.Tests\Compiler.Tests.csproj", "{3967663E-9306-4B57-A52F-6FD545151CCD}"
EndProject
Global
	GlobalSection(SolutionConfigurationPlatforms) = preSolution
		Debug|Any CPU = Debug|Any CPU
		Release|Any CPU = Release|Any CPU
	EndGlobalSection
	GlobalSection(ProjectConfigurationPlatforms) = postSolution
		{7FB8A4C3-3B73-45B9-B97E-B86A769C7D40}.Debug|Any CPU.ActiveCfg = Debug|Any CPU
		{7FB8A4C3-3B73-45B9-B97E-B86A769C7D40}.Debug|Any CPU.Build.0 = Debug|Any CPU
		{7FB8A4C3-3B73-45B9-B97E-B86A769C7D40}.Release|Any CPU.ActiveCfg = Release|Any CPU
		{7FB8A4C3-3B73-45B9-B97E-B86A769C7D40}.Release|Any CPU.Build.0 = Release|Any CPU
		{58C2C84D-4DF3-4F46-8FCA-186EAFA14E16}.Debug|Any CPU.ActiveCfg = Debug|Any CPU
		{58C2C84D-4DF3-4F46-8FCA-186EAFA14E16}.Debug|Any CPU.Build.0 = Debug|Any CPU
		{58C2C84D-4DF3-4F46-8FCA-186EAFA14E16}.Release|Any CPU.ActiveCfg = Release|Any CPU
		{58C2C84D-4DF3-4F46-8FCA-186EAFA14E16}.Release|Any CPU.Build.0 = Release|Any CPU
		{3967663E-9306-4B57-A52F-6FD545151CCD}.Debug|Any CPU.ActiveCfg = Debug|Any CPU
		{3967663E-9306-4B57-A52F-6FD545151CCD}.Debug|Any CPU.Build.0 = Debug|Any CPU
		{3967663E-9306-4B57-A52F-6FD545151CCD}.Release|Any CPU.ActiveCfg = Release|Any CPU
		{3967663E-9306-4B57-A52F-6FD545151CCD}.Release|Any CPU.Build.0 = Release|Any CPU
	EndGlobalSection
	GlobalSection(SolutionProperties) = preSolution
		HideSolutionNode = FALSE
	EndGlobalSection
EndGlobal
